# THIS IS AN AUTOGENERATED FILE. DO NOT EDIT THIS FILE DIRECTLY.
# yarn lockfile v1


"@types/node@^12.6.8":
  version "12.6.8"
  resolved "https://registry.yarnpkg.com/@types/node/-/node-12.6.8.tgz#e469b4bf9d1c9832aee4907ba8a051494357c12c"
  integrity sha512-aX+gFgA5GHcDi89KG5keey2zf0WfZk/HAQotEamsK2kbey+8yGKcson0hbK8E+v0NArlCJQCqMP161YhV6ZXLg==

async-limiter@~1.0.0:
  version "1.0.0"
  resolved "https://registry.yarnpkg.com/async-limiter/-/async-limiter-1.0.0.tgz#78faed8c3d074ab81f22b4e985d79e8738f720f8"
  integrity sha512-jp/uFnooOiO+L211eZOoSyzpOITMXx1rBITauYykG3BRYPu8h0UcxsPNB04RR5vo4Tyz3+ay17tR6JVf9qzYWg==

eris@^0.10.1:
  version "0.10.1"
  resolved "https://registry.yarnpkg.com/eris/-/eris-0.10.1.tgz#1ecc13ff06d45edb86c344b70ec2dd2e7ef270df"
  integrity sha512-POWCQ91xmG75U5V3i2bAvh/hco+HkgF+YJzerTcULe++AgKutA4l1adxqUrJ13Nxah/O+olkkQCufO+gQoawtA==
  dependencies:
    ws "^6.0.0"
  optionalDependencies:
    opusscript "^0.0.4"
    tweetnacl "^1.0.0"

opusscript@^0.0.4:
  version "0.0.4"
  resolved "https://registry.yarnpkg.com/opusscript/-/opusscript-0.0.4.tgz#c718edcfdcd2a1f55fadb266dd07268d4a46afde"
  integrity sha512-bEPZFE2lhUJYQD5yfTFO4RhbRZ937x6hRwBC1YoGacT35bwDVwKFP1+amU8NYfZL/v4EU7ZTU3INTqzYAnuP7Q==

tweetnacl@^1.0.0:
  version "1.0.1"
  resolved "https://registry.yarnpkg.com/tweetnacl/-/tweetnacl-1.0.1.tgz#2594d42da73cd036bd0d2a54683dd35a6b55ca17"
  integrity sha512-kcoMoKTPYnoeS50tzoqjPY3Uv9axeuuFAZY9M/9zFnhoVvRfxz9K29IMPD7jGmt2c8SW7i3gT9WqDl2+nV7p4A==

typescript@^3.5.3:
  version "3.5.3"
  resolved "https://registry.yarnpkg.com/typescript/-/typescript-3.5.3.tgz#c830f657f93f1ea846819e929092f5fe5983e977"
  integrity sha512-ACzBtm/PhXBDId6a6sDJfroT2pOWt/oOnk4/dElG5G33ZL776N3Y6/6bKZJBFpd+b05F3Ct9qDjMeJmRWtE2/g==

ws@^6.0.0:
  version "6.2.1"
  resolved "https://registry.yarnpkg.com/ws/-/ws-6.2.1.tgz#442fdf0a47ed64f59b6a5d8ff130f4748ed524fb"
  integrity sha512-GIyAXC2cB7LjvpgMt9EKS2ldqr0MTrORaleiOno6TweZ6r3TKtoFQWay/2PceJ3RuBasOHzXNn5Lrw1X0bEjqA==
  dependencies:
    async-limiter "~1.0.0"
